{
  "name": "sitesense",
  "version": "1.0.0",
  "lockfileVersion": 3,
  "requires": true,
  "packages": {
    "": {
      "name": "sitesense",
      "version": "1.0.0",
      "license": "ISC",
      "workspaces": [
        "apps/*",
        "modules/*",
        "db"
      ]
    },
    "apps/api": {
      "name": "@sitesense/api",
      "version": "1.0.0",
      "license": "ISC"
    },
    "apps/cli": {
      "name": "@sitesense/cli",
      "version": "1.0.0",
      "license": "ISC"
    },
    "apps/web": {
      "name": "@sitesense/web",
      "version": "1.0.0",
      "license": "ISC"
    },
    "db": {
      "name": "@sitesense/db",
      "version": "1.0.0",
      "license": "ISC"
    },
    "modules/crawler": {
      "name": "@sitesense/crawler",
      "version": "1.0.0",
      "license": "ISC"
    },
    "modules/performance": {
      "name": "@sitesense/performance",
      "version": "1.0.0",
      "license": "ISC"
    },
    "modules/security": {
      "name": "@sitesense/security",
      "version": "1.0.0",
      "license": "ISC"
    },
    "modules/shared": {
      "name": "@sitesense/shared",
      "version": "1.0.0",
      "license": "ISC"
    },
    "modules/ux-audit": {
      "name": "@sitesense/ux-audit",
      "version": "1.0.0",
      "license": "ISC"
    },
    "node_modules/@sitesense/api": {
      "resolved": "apps/api",
      "link": true
    },
    "node_modules/@sitesense/cli": {
      "resolved": "apps/cli",
      "link": true
    },
    "node_modules/@sitesense/crawler": {
      "resolved": "modules/crawler",
      "link": true
    },
    "node_modules/@sitesense/db": {
      "resolved": "db",
      "link": true
    },
    "node_modules/@sitesense/performance": {
      "resolved": "modules/performance",
      "link": true
    },
    "node_modules/@sitesense/security": {
      "resolved": "modules/security",
      "link": true
    },
    "node_modules/@sitesense/shared": {
      "resolved": "modules/shared",
      "link": true
    },
    "node_modules/@sitesense/ux-audit": {
      "resolved": "modules/ux-audit",
      "link": true
    },
    "node_modules/@sitesense/web": {
      "resolved": "apps/web",
      "link": true
    }
  }
}
